
Microsoft Visual Studio Solution File, Format Version 12.00
# Visual Studio Version 17
VisualStudioVersion = 17.3.32929.385
MinimumVisualStudioVersion = 10.0.40219.1
Project("{FAE04EC0-301F-11D3-BF4B-00C04F79EFBC}") = "VoronoiProject", "VoronoiProject\VoronoiProject.csproj", "{EFF331DC-F646-4479-8FC5-AE2C8AF3489C}"
EndProject
Global
	GlobalSection(SolutionConfigurationPlatforms) = preSolution
		Debug|Any CPU = Debug|Any CPU
		Release|Any CPU = Release|Any CPU
	EndGlobalSection
	GlobalSection(ProjectConfigurationPlatforms) = postSolution
		{EFF331DC-F646-4479-8FC5-AE2C8AF3489C}.Debug|Any CPU.ActiveCfg = Debug|Any CPU
		{EFF331DC-F646-4479-8FC5-AE2C8AF3489C}.Debug|Any CPU.Build.0 = Debug|Any CPU
		{EFF331DC-F646-4479-8FC5-AE2C8AF3489C}.Release|Any CPU.ActiveCfg = Release|Any CPU
		{EFF331DC-F646-4479-8FC5-AE2C8AF3489C}.Release|Any CPU.Build.0 = Release|Any CPU
	EndGlobalSection
	GlobalSection(SolutionProperties) = preSolution
		HideSolutionNode = FALSE
	EndGlobalSection
	GlobalSection(ExtensibilityGlobals) = postSolution
		SolutionGuid = {3A0F3B53-7AC6-487F-AB94-503C707BE37A}
	EndGlobalSection
EndGlobal
